
Microsoft Visual Studio Solution File, Format Version 12.00
# Visual Studio Version 16
VisualStudioVersion = 16.0.30717.126
MinimumVisualStudioVersion = 10.0.40219.1
Project("{8BC9CEB8-8B4A-11D0-8D11-00A0C91BC942}") = "Project2  c084   1", "Project2  c084   1\Project2  c084   1.vcxproj", "{029D6551-B6DF-4BAE-876F-68AE0C536F2A}"
EndProject
Global
	GlobalSection(SolutionConfigurationPlatforms) = preSolution
		Debug|x64 = Debug|x64
		Debug|x86 = Debug|x86
		Release|x64 = Release|x64
		Release|x86 = Release|x86
	EndGlobalSection
	GlobalSection(ProjectConfigurationPlatforms) = postSolution
		{029D6551-B6DF-4BAE-876F-68AE0C536F2A}.Debug|x64.ActiveCfg = Debug|x64
		{029D6551-B6DF-4BAE-876F-68AE0C536F2A}.Debug|x64.Build.0 = Debug|x64
		{029D6551-B6DF-4BAE-876F-68AE0C536F2A}.Debug|x86.ActiveCfg = Debug|Win32
		{029D6551-B6DF-4BAE-876F-68AE0C536F2A}.Debug|x86.Build.0 = Debug|Win32
		{029D6551-B6DF-4BAE-876F-68AE0C536F2A}.Release|x64.ActiveCfg = Release|x64
		{029D6551-B6DF-4BAE-876F-68AE0C536F2A}.Release|x64.Build.0 = Release|x64
		{029D6551-B6DF-4BAE-876F-68AE0C536F2A}.Release|x86.ActiveCfg = Release|Win32
		{029D6551-B6DF-4BAE-876F-68AE0C536F2A}.Release|x86.Build.0 = Release|Win32
	EndGlobalSection
	GlobalSection(SolutionProperties) = preSolution
		HideSolutionNode = FALSE
	EndGlobalSection
	GlobalSection(ExtensibilityGlobals) = postSolution
		SolutionGuid = {475F67EC-7F53-4032-9FCD-E61F31C49E36}
	EndGlobalSection
EndGlobal
