
Microsoft Visual Studio Solution File, Format Version 12.00
# Visual Studio Version 16
VisualStudioVersion = 16.0.30611.23
MinimumVisualStudioVersion = 10.0.40219.1
Project("{8BC9CEB8-8B4A-11D0-8D11-00A0C91BC942}") = "Project c046 1", "Project c046 1\Project c046 1.vcxproj", "{9803F58D-A997-44D6-B505-51D41809C132}"
EndProject
Global
	GlobalSection(SolutionConfigurationPlatforms) = preSolution
		Debug|x64 = Debug|x64
		Debug|x86 = Debug|x86
		Release|x64 = Release|x64
		Release|x86 = Release|x86
	EndGlobalSection
	GlobalSection(ProjectConfigurationPlatforms) = postSolution
		{9803F58D-A997-44D6-B505-51D41809C132}.Debug|x64.ActiveCfg = Debug|x64
		{9803F58D-A997-44D6-B505-51D41809C132}.Debug|x64.Build.0 = Debug|x64
		{9803F58D-A997-44D6-B505-51D41809C132}.Debug|x86.ActiveCfg = Debug|Win32
		{9803F58D-A997-44D6-B505-51D41809C132}.Debug|x86.Build.0 = Debug|Win32
		{9803F58D-A997-44D6-B505-51D41809C132}.Release|x64.ActiveCfg = Release|x64
		{9803F58D-A997-44D6-B505-51D41809C132}.Release|x64.Build.0 = Release|x64
		{9803F58D-A997-44D6-B505-51D41809C132}.Release|x86.ActiveCfg = Release|Win32
		{9803F58D-A997-44D6-B505-51D41809C132}.Release|x86.Build.0 = Release|Win32
	EndGlobalSection
	GlobalSection(SolutionProperties) = preSolution
		HideSolutionNode = FALSE
	EndGlobalSection
	GlobalSection(ExtensibilityGlobals) = postSolution
		SolutionGuid = {E6EADF7B-1CAE-44D5-AA2B-3C91608BE253}
	EndGlobalSection
EndGlobal
