
Microsoft Visual Studio Solution File, Format Version 12.00
# Visual Studio Version 16
VisualStudioVersion = 16.0.30611.23
MinimumVisualStudioVersion = 10.0.40219.1
Project("{8BC9CEB8-8B4A-11D0-8D11-00A0C91BC942}") = "Project   c011    1", "Project   c011    1\Project   c011    1.vcxproj", "{240F2FE8-FAF7-425A-BA6B-D0189564264B}"
EndProject
Global
	GlobalSection(SolutionConfigurationPlatforms) = preSolution
		Debug|x64 = Debug|x64
		Debug|x86 = Debug|x86
		Release|x64 = Release|x64
		Release|x86 = Release|x86
	EndGlobalSection
	GlobalSection(ProjectConfigurationPlatforms) = postSolution
		{240F2FE8-FAF7-425A-BA6B-D0189564264B}.Debug|x64.ActiveCfg = Debug|x64
		{240F2FE8-FAF7-425A-BA6B-D0189564264B}.Debug|x64.Build.0 = Debug|x64
		{240F2FE8-FAF7-425A-BA6B-D0189564264B}.Debug|x86.ActiveCfg = Debug|Win32
		{240F2FE8-FAF7-425A-BA6B-D0189564264B}.Debug|x86.Build.0 = Debug|Win32
		{240F2FE8-FAF7-425A-BA6B-D0189564264B}.Release|x64.ActiveCfg = Release|x64
		{240F2FE8-FAF7-425A-BA6B-D0189564264B}.Release|x64.Build.0 = Release|x64
		{240F2FE8-FAF7-425A-BA6B-D0189564264B}.Release|x86.ActiveCfg = Release|Win32
		{240F2FE8-FAF7-425A-BA6B-D0189564264B}.Release|x86.Build.0 = Release|Win32
	EndGlobalSection
	GlobalSection(SolutionProperties) = preSolution
		HideSolutionNode = FALSE
	EndGlobalSection
	GlobalSection(ExtensibilityGlobals) = postSolution
		SolutionGuid = {9C3E3667-1830-4841-93B9-3A2AFA0BAFDB}
	EndGlobalSection
EndGlobal
