
Microsoft Visual Studio Solution File, Format Version 12.00
# Visual Studio Version 16
VisualStudioVersion = 16.0.30717.126
MinimumVisualStudioVersion = 10.0.40219.1
Project("{8BC9CEB8-8B4A-11D0-8D11-00A0C91BC942}") = "Project3    c075  1", "Project3    c075  1\Project3    c075  1.vcxproj", "{92C9925F-DD77-4F84-8699-D6183C4EEFED}"
EndProject
Global
	GlobalSection(SolutionConfigurationPlatforms) = preSolution
		Debug|x64 = Debug|x64
		Debug|x86 = Debug|x86
		Release|x64 = Release|x64
		Release|x86 = Release|x86
	EndGlobalSection
	GlobalSection(ProjectConfigurationPlatforms) = postSolution
		{92C9925F-DD77-4F84-8699-D6183C4EEFED}.Debug|x64.ActiveCfg = Debug|x64
		{92C9925F-DD77-4F84-8699-D6183C4EEFED}.Debug|x64.Build.0 = Debug|x64
		{92C9925F-DD77-4F84-8699-D6183C4EEFED}.Debug|x86.ActiveCfg = Debug|Win32
		{92C9925F-DD77-4F84-8699-D6183C4EEFED}.Debug|x86.Build.0 = Debug|Win32
		{92C9925F-DD77-4F84-8699-D6183C4EEFED}.Release|x64.ActiveCfg = Release|x64
		{92C9925F-DD77-4F84-8699-D6183C4EEFED}.Release|x64.Build.0 = Release|x64
		{92C9925F-DD77-4F84-8699-D6183C4EEFED}.Release|x86.ActiveCfg = Release|Win32
		{92C9925F-DD77-4F84-8699-D6183C4EEFED}.Release|x86.Build.0 = Release|Win32
	EndGlobalSection
	GlobalSection(SolutionProperties) = preSolution
		HideSolutionNode = FALSE
	EndGlobalSection
	GlobalSection(ExtensibilityGlobals) = postSolution
		SolutionGuid = {166D330C-7B45-4B94-A3D8-269B1EEFB146}
	EndGlobalSection
EndGlobal
