
Microsoft Visual Studio Solution File, Format Version 12.00
# Visual Studio Version 16
VisualStudioVersion = 16.0.30611.23
MinimumVisualStudioVersion = 10.0.40219.1
Project("{8BC9CEB8-8B4A-11D0-8D11-00A0C91BC942}") = "Project1    co31    1", "Project1    co31    1\Project1    co31    1.vcxproj", "{EB508A7F-B839-4804-A373-6F41C860BFD2}"
EndProject
Global
	GlobalSection(SolutionConfigurationPlatforms) = preSolution
		Debug|x64 = Debug|x64
		Debug|x86 = Debug|x86
		Release|x64 = Release|x64
		Release|x86 = Release|x86
	EndGlobalSection
	GlobalSection(ProjectConfigurationPlatforms) = postSolution
		{EB508A7F-B839-4804-A373-6F41C860BFD2}.Debug|x64.ActiveCfg = Debug|x64
		{EB508A7F-B839-4804-A373-6F41C860BFD2}.Debug|x64.Build.0 = Debug|x64
		{EB508A7F-B839-4804-A373-6F41C860BFD2}.Debug|x86.ActiveCfg = Debug|Win32
		{EB508A7F-B839-4804-A373-6F41C860BFD2}.Debug|x86.Build.0 = Debug|Win32
		{EB508A7F-B839-4804-A373-6F41C860BFD2}.Release|x64.ActiveCfg = Release|x64
		{EB508A7F-B839-4804-A373-6F41C860BFD2}.Release|x64.Build.0 = Release|x64
		{EB508A7F-B839-4804-A373-6F41C860BFD2}.Release|x86.ActiveCfg = Release|Win32
		{EB508A7F-B839-4804-A373-6F41C860BFD2}.Release|x86.Build.0 = Release|Win32
	EndGlobalSection
	GlobalSection(SolutionProperties) = preSolution
		HideSolutionNode = FALSE
	EndGlobalSection
	GlobalSection(ExtensibilityGlobals) = postSolution
		SolutionGuid = {15AF30E0-9851-48F6-B5F4-C8A0A7FD5E95}
	EndGlobalSection
EndGlobal
