
Microsoft Visual Studio Solution File, Format Version 12.00
# Visual Studio Version 16
VisualStudioVersion = 16.0.30717.126
MinimumVisualStudioVersion = 10.0.40219.1
Project("{8BC9CEB8-8B4A-11D0-8D11-00A0C91BC942}") = "Project1    c124   1", "Project1    c124   1\Project1    c124   1.vcxproj", "{563F80B2-DB7E-47B3-B08F-6142EA6D1DD8}"
EndProject
Global
	GlobalSection(SolutionConfigurationPlatforms) = preSolution
		Debug|x64 = Debug|x64
		Debug|x86 = Debug|x86
		Release|x64 = Release|x64
		Release|x86 = Release|x86
	EndGlobalSection
	GlobalSection(ProjectConfigurationPlatforms) = postSolution
		{563F80B2-DB7E-47B3-B08F-6142EA6D1DD8}.Debug|x64.ActiveCfg = Debug|x64
		{563F80B2-DB7E-47B3-B08F-6142EA6D1DD8}.Debug|x64.Build.0 = Debug|x64
		{563F80B2-DB7E-47B3-B08F-6142EA6D1DD8}.Debug|x86.ActiveCfg = Debug|Win32
		{563F80B2-DB7E-47B3-B08F-6142EA6D1DD8}.Debug|x86.Build.0 = Debug|Win32
		{563F80B2-DB7E-47B3-B08F-6142EA6D1DD8}.Release|x64.ActiveCfg = Release|x64
		{563F80B2-DB7E-47B3-B08F-6142EA6D1DD8}.Release|x64.Build.0 = Release|x64
		{563F80B2-DB7E-47B3-B08F-6142EA6D1DD8}.Release|x86.ActiveCfg = Release|Win32
		{563F80B2-DB7E-47B3-B08F-6142EA6D1DD8}.Release|x86.Build.0 = Release|Win32
	EndGlobalSection
	GlobalSection(SolutionProperties) = preSolution
		HideSolutionNode = FALSE
	EndGlobalSection
	GlobalSection(ExtensibilityGlobals) = postSolution
		SolutionGuid = {E635AF2E-5253-46A3-A056-73D280B85A83}
	EndGlobalSection
EndGlobal
